// !$*UTF8*$!
{
	archiveVersion = 1;
	classes = {
	};
	objectVersion = 50;
	objects = {

/* Begin PBXBuildFile section */
		3754390924C1498C008B1A14 /* italy@3x.png in Resources */ = {isa = PBXBuildFile; fileRef = 375438F124C1498A008B1A14 /* italy@3x.png */; };
		3754390A24C1498C008B1A14 /* poland@3x.png in Resources */ = {isa = PBXBuildFile; fileRef = 375438F224C1498A008B1A14 /* poland@3x.png */; };
		3754390B24C1498C008B1A14 /* uk@2x.png in Resources */ = {isa = PBXBuildFile; fileRef = 375438F324C1498A008B1A14 /* uk@2x.png */; };
		3754390C24C1498C008B1A14 /* ireland@3x.png in Resources */ = {isa = PBXBuildFile; fileRef = 375438F424C1498A008B1A14 /* ireland@3x.png */; };
		3754390D24C1498C008B1A14 /* monaco@2x.png in Resources */ = {isa = PBXBuildFile; fileRef = 375438F524C1498A008B1A14 /* monaco@2x.png */; };
		3754390E24C1498C008B1A14 /* nigeria@3x.png in Resources */ = {isa = PBXBuildFile; fileRef = 375438F624C1498A008B1A14 /* nigeria@3x.png */; };
		3754390F24C1498C008B1A14 /* us@3x.png in Resources */ = {isa = PBXBuildFile; fileRef = 375438F724C1498B008B1A14 /* us@3x.png */; };
		3754391024C1498C008B1A14 /* germany@2x.png in Resources */ = {isa = PBXBuildFile; fileRef = 375438F824C1498B008B1A14 /* germany@2x.png */; };
		3754391124C1498C008B1A14 /* estonia@2x.png in Resources */ = {isa = PBXBuildFile; fileRef = 375438F924C1498B008B1A14 /* estonia@2x.png */; };
		3754391224C1498C008B1A14 /* monaco@3x.png in Resources */ = {isa = PBXBuildFile; fileRef = 375438FA24C1498B008B1A14 /* monaco@3x.png */; };
		3754391324C1498C008B1A14 /* poland@2x.png in Resources */ = {isa = PBXBuildFile; fileRef = 375438FB24C1498B008B1A14 /* poland@2x.png */; };
		3754391424C1498C008B1A14 /* italy@2x.png in Resources */ = {isa = PBXBuildFile; fileRef = 375438FC24C1498B008B1A14 /* italy@2x.png */; };
		3754391524C1498C008B1A14 /* estonia@3x.png in Resources */ = {isa = PBXBuildFile; fileRef = 375438FD24C1498B008B1A14 /* estonia@3x.png */; };
		3754391624C1498C008B1A14 /* nigeria@2x.png in Resources */ = {isa = PBXBuildFile; fileRef = 375438FE24C1498B008B1A14 /* nigeria@2x.png */; };
		3754391724C1498C008B1A14 /* russia@3x.png in Resources */ = {isa = PBXBuildFile; fileRef = 375438FF24C1498B008B1A14 /* russia@3x.png */; };
		3754391824C1498C008B1A14 /* spain@3x.png in Resources */ = {isa = PBXBuildFile; fileRef = 3754390024C1498B008B1A14 /* spain@3x.png */; };
		3754391924C1498C008B1A14 /* russia@2x.png in Resources */ = {isa = PBXBuildFile; fileRef = 3754390124C1498B008B1A14 /* russia@2x.png */; };
		3754391A24C1498C008B1A14 /* uk@3x.png in Resources */ = {isa = PBXBuildFile; fileRef = 3754390224C1498B008B1A14 /* uk@3x.png */; };
		3754391B24C1498C008B1A14 /* france@3x.png in Resources */ = {isa = PBXBuildFile; fileRef = 3754390324C1498B008B1A14 /* france@3x.png */; };
		3754391C24C1498C008B1A14 /* ireland@2x.png in Resources */ = {isa = PBXBuildFile; fileRef = 3754390424C1498C008B1A14 /* ireland@2x.png */; };
		3754391D24C1498C008B1A14 /* germany@3x.png in Resources */ = {isa = PBXBuildFile; fileRef = 3754390524C1498C008B1A14 /* germany@3x.png */; };
		3754391E24C1498C008B1A14 /* spain@2x.png in Resources */ = {isa = PBXBuildFile; fileRef = 3754390624C1498C008B1A14 /* spain@2x.png */; };
		3754391F24C1498C008B1A14 /* us@2x.png in Resources */ = {isa = PBXBuildFile; fileRef = 3754390724C1498C008B1A14 /* us@2x.png */; };
		3754392024C1498C008B1A14 /* france@2x.png in Resources */ = {isa = PBXBuildFile; fileRef = 3754390824C1498C008B1A14 /* france@2x.png */; };
		3754392224C1D25D008B1A14 /* DetailViewController.swift in Sources */ = {isa = PBXBuildFile; fileRef = 3754392124C1D25D008B1A14 /* DetailViewController.swift */; };
		378EDD0724C10BAA00A604E7 /* AppDelegate.swift in Sources */ = {isa = PBXBuildFile; fileRef = 378EDD0624C10BAA00A604E7 /* AppDelegate.swift */; };
		378EDD0924C10BAA00A604E7 /* SceneDelegate.swift in Sources */ = {isa = PBXBuildFile; fileRef = 378EDD0824C10BAA00A604E7 /* SceneDelegate.swift */; };
		378EDD0B24C10BAA00A604E7 /* ViewController.swift in Sources */ = {isa = PBXBuildFile; fileRef = 378EDD0A24C10BAA00A604E7 /* ViewController.swift */; };
		378EDD0E24C10BAA00A604E7 /* Main.storyboard in Resources */ = {isa = PBXBuildFile; fileRef = 378EDD0C24C10BAA00A604E7 /* Main.storyboard */; };
		378EDD1024C10BAB00A604E7 /* Assets.xcassets in Resources */ = {isa = PBXBuildFile; fileRef = 378EDD0F24C10BAB00A604E7 /* Assets.xcassets */; };
		378EDD1324C10BAB00A604E7 /* LaunchScreen.storyboard in Resources */ = {isa = PBXBuildFile; fileRef = 378EDD1124C10BAB00A604E7 /* LaunchScreen.storyboard */; };
/* End PBXBuildFile section */

/* Begin PBXFileReference section */
		375438F124C1498A008B1A14 /* italy@3x.png */ = {isa = PBXFileReference; lastKnownFileType = image.png; path = "italy@3x.png"; sourceTree = "<group>"; };
		375438F224C1498A008B1A14 /* poland@3x.png */ = {isa = PBXFileReference; lastKnownFileType = image.png; path = "poland@3x.png"; sourceTree = "<group>"; };
		375438F324C1498A008B1A14 /* uk@2x.png */ = {isa = PBXFileReference; lastKnownFileType = image.png; path = "uk@2x.png"; sourceTree = "<group>"; };
		375438F424C1498A008B1A14 /* ireland@3x.png */ = {isa = PBXFileReference; lastKnownFileType = image.png; path = "ireland@3x.png"; sourceTree = "<group>"; };
		375438F524C1498A008B1A14 /* monaco@2x.png */ = {isa = PBXFileReference; lastKnownFileType = image.png; path = "monaco@2x.png"; sourceTree = "<group>"; };
		375438F624C1498A008B1A14 /* nigeria@3x.png */ = {isa = PBXFileReference; lastKnownFileType = image.png; path = "nigeria@3x.png"; sourceTree = "<group>"; };
		375438F724C1498B008B1A14 /* us@3x.png */ = {isa = PBXFileReference; lastKnownFileType = image.png; path = "us@3x.png"; sourceTree = "<group>"; };
		375438F824C1498B008B1A14 /* germany@2x.png */ = {isa = PBXFileReference; lastKnownFileType = image.png; path = "germany@2x.png"; sourceTree = "<group>"; };
		375438F924C1498B008B1A14 /* estonia@2x.png */ = {isa = PBXFileReference; lastKnownFileType = image.png; path = "estonia@2x.png"; sourceTree = "<group>"; };
		375438FA24C1498B008B1A14 /* monaco@3x.png */ = {isa = PBXFileReference; lastKnownFileType = image.png; path = "monaco@3x.png"; sourceTree = "<group>"; };
		375438FB24C1498B008B1A14 /* poland@2x.png */ = {isa = PBXFileReference; lastKnownFileType = image.png; path = "poland@2x.png"; sourceTree = "<group>"; };
		375438FC24C1498B008B1A14 /* italy@2x.png */ = {isa = PBXFileReference; lastKnownFileType = image.png; path = "italy@2x.png"; sourceTree = "<group>"; };
		375438FD24C1498B008B1A14 /* estonia@3x.png */ = {isa = PBXFileReference; lastKnownFileType = image.png; path = "estonia@3x.png"; sourceTree = "<group>"; };
		375438FE24C1498B008B1A14 /* nigeria@2x.png */ = {isa = PBXFileReference; lastKnownFileType = image.png; path = "nigeria@2x.png"; sourceTree = "<group>"; };
		375438FF24C1498B008B1A14 /* russia@3x.png */ = {isa = PBXFileReference; lastKnownFileType = image.png; path = "russia@3x.png"; sourceTree = "<group>"; };
		3754390024C1498B008B1A14 /* spain@3x.png */ = {isa = PBXFileReference; lastKnownFileType = image.png; path = "spain@3x.png"; sourceTree = "<group>"; };
		3754390124C1498B008B1A14 /* russia@2x.png */ = {isa = PBXFileReference; lastKnownFileType = image.png; path = "russia@2x.png"; sourceTree = "<group>"; };
		3754390224C1498B008B1A14 /* uk@3x.png */ = {isa = PBXFileReference; lastKnownFileType = image.png; path = "uk@3x.png"; sourceTree = "<group>"; };
		3754390324C1498B008B1A14 /* france@3x.png */ = {isa = PBXFileReference; lastKnownFileType = image.png; path = "france@3x.png"; sourceTree = "<group>"; };
		3754390424C1498C008B1A14 /* ireland@2x.png */ = {isa = PBXFileReference; lastKnownFileType = image.png; path = "ireland@2x.png"; sourceTree = "<group>"; };
		3754390524C1498C008B1A14 /* germany@3x.png */ = {isa = PBXFileReference; lastKnownFileType = image.png; path = "germany@3x.png"; sourceTree = "<group>"; };
		3754390624C1498C008B1A14 /* spain@2x.png */ = {isa = PBXFileReference; lastKnownFileType = image.png; path = "spain@2x.png"; sourceTree = "<group>"; };
		3754390724C1498C008B1A14 /* us@2x.png */ = {isa = PBXFileReference; lastKnownFileType = image.png; path = "us@2x.png"; sourceTree = "<group>"; };
		3754390824C1498C008B1A14 /* france@2x.png */ = {isa = PBXFileReference; lastKnownFileType = image.png; path = "france@2x.png"; sourceTree = "<group>"; };
		3754392124C1D25D008B1A14 /* DetailViewController.swift */ = {isa = PBXFileReference; lastKnownFileType = sourcecode.swift; path = DetailViewController.swift; sourceTree = "<group>"; };
		378EDD0324C10BAA00A604E7 /* Challange-Day23-UIKit.app */ = {isa = PBXFileReference; explicitFileType = wrapper.application; includeInIndex = 0; path = "Challange-Day23-UIKit.app"; sourceTree = BUILT_PRODUCTS_DIR; };
		378EDD0624C10BAA00A604E7 /* AppDelegate.swift */ = {isa = PBXFileReference; lastKnownFileType = sourcecode.swift; path = AppDelegate.swift; sourceTree = "<group>"; };
		378EDD0824C10BAA00A604E7 /* SceneDelegate.swift */ = {isa = PBXFileReference; lastKnownFileType = sourcecode.swift; path = SceneDelegate.swift; sourceTree = "<group>"; };
		378EDD0A24C10BAA00A604E7 /* ViewController.swift */ = {isa = PBXFileReference; lastKnownFileType = sourcecode.swift; path = ViewController.swift; sourceTree = "<group>"; };
		378EDD0D24C10BAA00A604E7 /* Base */ = {isa = PBXFileReference; lastKnownFileType = file.storyboard; name = Base; path = Base.lproj/Main.storyboard; sourceTree = "<group>"; };
		378EDD0F24C10BAB00A604E7 /* Assets.xcassets */ = {isa = PBXFileReference; lastKnownFileType = folder.assetcatalog; path = Assets.xcassets; sourceTree = "<group>"; };
		378EDD1224C10BAB00A604E7 /* Base */ = {isa = PBXFileReference; lastKnownFileType = file.storyboard; name = Base; path = Base.lproj/LaunchScreen.storyboard; sourceTree = "<group>"; };
		378EDD1424C10BAB00A604E7 /* Info.plist */ = {isa = PBXFileReference; lastKnownFileType = text.plist.xml; path = Info.plist; sourceTree = "<group>"; };
/* End PBXFileReference section */

/* Begin PBXFrameworksBuildPhase section */
		378EDD0024C10BAA00A604E7 /* Frameworks */ = {
			isa = PBXFrameworksBuildPhase;
			buildActionMask = 2147483647;
			files = (
			);
			runOnlyForDeploymentPostprocessing = 0;
		};
/* End PBXFrameworksBuildPhase section */

/* Begin PBXGroup section */
		375438F024C14974008B1A14 /* Content */ = {
			isa = PBXGroup;
			children = (
				375438F924C1498B008B1A14 /* estonia@2x.png */,
				375438FD24C1498B008B1A14 /* estonia@3x.png */,
				3754390824C1498C008B1A14 /* france@2x.png */,
				3754390324C1498B008B1A14 /* france@3x.png */,
				375438F824C1498B008B1A14 /* germany@2x.png */,
				3754390524C1498C008B1A14 /* germany@3x.png */,
				3754390424C1498C008B1A14 /* ireland@2x.png */,
				375438F424C1498A008B1A14 /* ireland@3x.png */,
				375438FC24C1498B008B1A14 /* italy@2x.png */,
				375438F124C1498A008B1A14 /* italy@3x.png */,
				375438F524C1498A008B1A14 /* monaco@2x.png */,
				375438FA24C1498B008B1A14 /* monaco@3x.png */,
				375438FE24C1498B008B1A14 /* nigeria@2x.png */,
				375438F624C1498A008B1A14 /* nigeria@3x.png */,
				375438FB24C1498B008B1A14 /* poland@2x.png */,
				375438F224C1498A008B1A14 /* poland@3x.png */,
				3754390124C1498B008B1A14 /* russia@2x.png */,
				375438FF24C1498B008B1A14 /* russia@3x.png */,
				3754390624C1498C008B1A14 /* spain@2x.png */,
				3754390024C1498B008B1A14 /* spain@3x.png */,
				375438F324C1498A008B1A14 /* uk@2x.png */,
				3754390224C1498B008B1A14 /* uk@3x.png */,
				3754390724C1498C008B1A14 /* us@2x.png */,
				375438F724C1498B008B1A14 /* us@3x.png */,
			);
			path = Content;
			sourceTree = "<group>";
		};
		378EDCFA24C10BAA00A604E7 = {
			isa = PBXGroup;
			children = (
				378EDD0524C10BAA00A604E7 /* Challange-Day23-UIKit */,
				378EDD0424C10BAA00A604E7 /* Products */,
			);
			sourceTree = "<group>";
		};
		378EDD0424C10BAA00A604E7 /* Products */ = {
			isa = PBXGroup;
			children = (
				378EDD0324C10BAA00A604E7 /* Challange-Day23-UIKit.app */,
			);
			name = Products;
			sourceTree = "<group>";
		};
		378EDD0524C10BAA00A604E7 /* Challange-Day23-UIKit */ = {
			isa = PBXGroup;
			children = (
				378EDD0624C10BAA00A604E7 /* AppDelegate.swift */,
				378EDD0824C10BAA00A604E7 /* SceneDelegate.swift */,
				378EDD0A24C10BAA00A604E7 /* ViewController.swift */,
				3754392124C1D25D008B1A14 /* DetailViewController.swift */,
				378EDD0C24C10BAA00A604E7 /* Main.storyboard */,
				378EDD0F24C10BAB00A604E7 /* Assets.xcassets */,
				378EDD1124C10BAB00A604E7 /* LaunchScreen.storyboard */,
				378EDD1424C10BAB00A604E7 /* Info.plist */,
				375438F024C14974008B1A14 /* Content */,
			);
			path = "Challange-Day23-UIKit";
			sourceTree = "<group>";
		};
/* End PBXGroup section */

/* Begin PBXNativeTarget section */
		378EDD0224C10BAA00A604E7 /* Challange-Day23-UIKit */ = {
			isa = PBXNativeTarget;
			buildConfigurationList = 378EDD1724C10BAB00A604E7 /* Build configuration list for PBXNativeTarget "Challange-Day23-UIKit" */;
			buildPhases = (
				378EDCFF24C10BAA00A604E7 /* Sources */,
				378EDD0024C10BAA00A604E7 /* Frameworks */,
				378EDD0124C10BAA00A604E7 /* Resources */,
			);
			buildRules = (
			);
			dependencies = (
			);
			name = "Challange-Day23-UIKit";
			productName = "Challange-Day23-UIKit";
			productReference = 378EDD0324C10BAA00A604E7 /* Challange-Day23-UIKit.app */;
			productType = "com.apple.product-type.application";
		};
/* End PBXNativeTarget section */

/* Begin PBXProject section */
		378EDCFB24C10BAA00A604E7 /* Project object */ = {
			isa = PBXProject;
			attributes = {
				LastSwiftUpdateCheck = 1150;
				LastUpgradeCheck = 1150;
				ORGANIZATIONNAME = "Ezequiel Parada";
				TargetAttributes = {
					378EDD0224C10BAA00A604E7 = {
						CreatedOnToolsVersion = 11.5;
					};
				};
			};
			buildConfigurationList = 378EDCFE24C10BAA00A604E7 /* Build configuration list for PBXProject "Challange-Day23-UIKit" */;
			compatibilityVersion = "Xcode 9.3";
			developmentRegion = en;
			hasScannedForEncodings = 0;
			knownRegions = (
				en,
				Base,
			);
			mainGroup = 378EDCFA24C10BAA00A604E7;
			productRefGroup = 378EDD0424C10BAA00A604E7 /* Products */;
			projectDirPath = "";
			projectRoot = "";
			targets = (
				378EDD0224C10BAA00A604E7 /* Challange-Day23-UIKit */,
			);
		};
/* End PBXProject section */

/* Begin PBXResourcesBuildPhase section */
		378EDD0124C10BAA00A604E7 /* Resources */ = {
			isa = PBXResourcesBuildPhase;
			buildActionMask = 2147483647;
			files = (
				3754391C24C1498C008B1A14 /* ireland@2x.png in Resources */,
				3754390B24C1498C008B1A14 /* uk@2x.png in Resources */,
				3754391F24C1498C008B1A14 /* us@2x.png in Resources */,
				3754390E24C1498C008B1A14 /* nigeria@3x.png in Resources */,
				378EDD1324C10BAB00A604E7 /* LaunchScreen.storyboard in Resources */,
				3754390F24C1498C008B1A14 /* us@3x.png in Resources */,
				3754390A24C1498C008B1A14 /* poland@3x.png in Resources */,
				3754390924C1498C008B1A14 /* italy@3x.png in Resources */,
				3754391424C1498C008B1A14 /* italy@2x.png in Resources */,
				3754391E24C1498C008B1A14 /* spain@2x.png in Resources */,
				3754391324C1498C008B1A14 /* poland@2x.png in Resources */,
				378EDD1024C10BAB00A604E7 /* Assets.xcassets in Resources */,
				3754390C24C1498C008B1A14 /* ireland@3x.png in Resources */,
				378EDD0E24C10BAA00A604E7 /* Main.storyboard in Resources */,
				3754392024C1498C008B1A14 /* france@2x.png in Resources */,
				3754391624C1498C008B1A14 /* nigeria@2x.png in Resources */,
				3754391024C1498C008B1A14 /* germany@2x.png in Resources */,
				3754391924C1498C008B1A14 /* russia@2x.png in Resources */,
				3754391D24C1498C008B1A14 /* germany@3x.png in Resources */,
				3754391124C1498C008B1A14 /* estonia@2x.png in Resources */,
				3754390D24C1498C008B1A14 /* monaco@2x.png in Resources */,
				3754391224C1498C008B1A14 /* monaco@3x.png in Resources */,
				3754391724C1498C008B1A14 /* russia@3x.png in Resources */,
				3754391A24C1498C008B1A14 /* uk@3x.png in Resources */,
				3754391524C1498C008B1A14 /* estonia@3x.png in Resources */,
				3754391B24C1498C008B1A14 /* france@3x.png in Resources */,
				3754391824C1498C008B1A14 /* spain@3x.png in Resources */,
			);
			runOnlyForDeploymentPostprocessing = 0;
		};
/* End PBXResourcesBuildPhase section */

/* Begin PBXSourcesBuildPhase section */
		378EDCFF24C10BAA00A604E7 /* Sources */ = {
			isa = PBXSourcesBuildPhase;
			buildActionMask = 2147483647;
			files = (
				378EDD0B24C10BAA00A604E7 /* ViewController.swift in Sources */,
				378EDD0724C10BAA00A604E7 /* AppDelegate.swift in Sources */,
				378EDD0924C10BAA00A604E7 /* SceneDelegate.swift in Sources */,
				3754392224C1D25D008B1A14 /* DetailViewController.swift in Sources */,
			);
			runOnlyForDeploymentPostprocessing = 0;
		};
/* End PBXSourcesBuildPhase section */

/* Begin PBXVariantGroup section */
		378EDD0C24C10BAA00A604E7 /* Main.storyboard */ = {
			isa = PBXVariantGroup;
			children = (
				378EDD0D24C10BAA00A604E7 /* Base */,
			);
			name = Main.storyboard;
			sourceTree = "<group>";
		};
		378EDD1124C10BAB00A604E7 /* LaunchScreen.storyboard */ = {
			isa = PBXVariantGroup;
			children = (
				378EDD1224C10BAB00A604E7 /* Base */,
			);
			name = LaunchScreen.storyboard;
			sourceTree = "<group>";
		};
/* End PBXVariantGroup section */

/* Begin XCBuildConfiguration section */
		378EDD1524C10BAB00A604E7 /* Debug */ = {
			isa = XCBuildConfiguration;
			buildSettings = {
				ALWAYS_SEARCH_USER_PATHS = NO;
				CLANG_ANALYZER_NONNULL = YES;
				CLANG_ANALYZER_NUMBER_OBJECT_CONVERSION = YES_AGGRESSIVE;
				CLANG_CXX_LANGUAGE_STANDARD = "gnu++14";
				CLANG_CXX_LIBRARY = "libc++";
				CLANG_ENABLE_MODULES = YES;
				CLANG_ENABLE_OBJC_ARC = YES;
				CLANG_ENABLE_OBJC_WEAK = YES;
				CLANG_WARN_BLOCK_CAPTURE_AUTORELEASING = YES;
				CLANG_WARN_BOOL_CONVERSION = YES;
				CLANG_WARN_COMMA = YES;
				CLANG_WARN_CONSTANT_CONVERSION = YES;
				CLANG_WARN_DEPRECATED_OBJC_IMPLEMENTATIONS = YES;
				CLANG_WARN_DIRECT_OBJC_ISA_USAGE = YES_ERROR;
				CLANG_WARN_DOCUMENTATION_COMMENTS = YES;
				CLANG_WARN_EMPTY_BODY = YES;
				CLANG_WARN_ENUM_CONVERSION = YES;
				CLANG_WARN_INFINITE_RECURSION = YES;
				CLANG_WARN_INT_CONVERSION = YES;
				CLANG_WARN_NON_LITERAL_NULL_CONVERSION = YES;
				CLANG_WARN_OBJC_IMPLICIT_RETAIN_SELF = YES;
				CLANG_WARN_OBJC_LITERAL_CONVERSION = YES;
				CLANG_WARN_OBJC_ROOT_CLASS = YES_ERROR;
				CLANG_WARN_RANGE_LOOP_ANALYSIS = YES;
				CLANG_WARN_STRICT_PROTOTYPES = YES;
				CLANG_WARN_SUSPICIOUS_MOVE = YES;
				CLANG_WARN_UNGUARDED_AVAILABILITY = YES_AGGRESSIVE;
				CLANG_WARN_UNREACHABLE_CODE = YES;
				CLANG_WARN__DUPLICATE_METHOD_MATCH = YES;
				COPY_PHASE_STRIP = NO;
				DEBUG_INFORMATION_FORMAT = dwarf;
				ENABLE_STRICT_OBJC_MSGSEND = YES;
				ENABLE_TESTABILITY = YES;
				GCC_C_LANGUAGE_STANDARD = gnu11;
				GCC_DYNAMIC_NO_PIC = NO;
				GCC_NO_COMMON_BLOCKS = YES;
				GCC_OPTIMIZATION_LEVEL = 0;
				GCC_PREPROCESSOR_DEFINITIONS = (
					"DEBUG=1",
					"$(inherited)",
				);
				GCC_WARN_64_TO_32_BIT_CONVERSION = YES;
				GCC_WARN_ABOUT_RETURN_TYPE = YES_ERROR;
				GCC_WARN_UNDECLARED_SELECTOR = YES;
				GCC_WARN_UNINITIALIZED_AUTOS = YES_AGGRESSIVE;
				GCC_WARN_UNUSED_FUNCTION = YES;
				GCC_WARN_UNUSED_VARIABLE = YES;
				IPHONEOS_DEPLOYMENT_TARGET = 13.5;
				MTL_ENABLE_DEBUG_INFO = INCLUDE_SOURCE;
				MTL_FAST_MATH = YES;
				ONLY_ACTIVE_ARCH = YES;
				SDKROOT = iphoneos;
				SWIFT_ACTIVE_COMPILATION_CONDITIONS = DEBUG;
				SWIFT_OPTIMIZATION_LEVEL = "-Onone";
			};
			name = Debug;
		};
		378EDD1624C10BAB00A604E7 /* Release */ = {
			isa = XCBuildConfiguration;
			buildSettings = {
				ALWAYS_SEARCH_USER_PATHS = NO;
				CLANG_ANALYZER_NONNULL = YES;
				CLANG_ANALYZER_NUMBER_OBJECT_CONVERSION = YES_AGGRESSIVE;
				CLANG_CXX_LANGUAGE_STANDARD = "gnu++14";
				CLANG_CXX_LIBRARY = "libc++";
				CLANG_ENABLE_MODULES = YES;
				CLANG_ENABLE_OBJC_ARC = YES;
				CLANG_ENABLE_OBJC_WEAK = YES;
				CLANG_WARN_BLOCK_CAPTURE_AUTORELEASING = YES;
				CLANG_WARN_BOOL_CONVERSION = YES;
				CLANG_WARN_COMMA = YES;
				CLANG_WARN_CONSTANT_CONVERSION = YES;
				CLANG_WARN_DEPRECATED_OBJC_IMPLEMENTATIONS = YES;
				CLANG_WARN_DIRECT_OBJC_ISA_USAGE = YES_ERROR;
				CLANG_WARN_DOCUMENTATION_COMMENTS = YES;
				CLANG_WARN_EMPTY_BODY = YES;
				CLANG_WARN_ENUM_CONVERSION = YES;
				CLANG_WARN_INFINITE_RECURSION = YES;
				CLANG_WARN_INT_CONVERSION = YES;
				CLANG_WARN_NON_LITERAL_NULL_CONVERSION = YES;
				CLANG_WARN_OBJC_IMPLICIT_RETAIN_SELF = YES;
				CLANG_WARN_OBJC_LITERAL_CONVERSION = YES;
				CLANG_WARN_OBJC_ROOT_CLASS = YES_ERROR;
				CLANG_WARN_RANGE_LOOP_ANALYSIS = YES;
				CLANG_WARN_STRICT_PROTOTYPES = YES;
				CLANG_WARN_SUSPICIOUS_MOVE = YES;
				CLANG_WARN_UNGUARDED_AVAILABILITY = YES_AGGRESSIVE;
				CLANG_WARN_UNREACHABLE_CODE = YES;
				CLANG_WARN__DUPLICATE_METHOD_MATCH = YES;
				COPY_PHASE_STRIP = NO;
				DEBUG_INFORMATION_FORMAT = "dwarf-with-dsym";
				ENABLE_NS_ASSERTIONS = NO;
				ENABLE_STRICT_OBJC_MSGSEND = YES;
				GCC_C_LANGUAGE_STANDARD = gnu11;
				GCC_NO_COMMON_BLOCKS = YES;
				GCC_WARN_64_TO_32_BIT_CONVERSION = YES;
				GCC_WARN_ABOUT_RETURN_TYPE = YES_ERROR;
				GCC_WARN_UNDECLARED_SELECTOR = YES;
				GCC_WARN_UNINITIALIZED_AUTOS = YES_AGGRESSIVE;
				GCC_WARN_UNUSED_FUNCTION = YES;
				GCC_WARN_UNUSED_VARIABLE = YES;
				IPHONEOS_DEPLOYMENT_TARGET = 13.5;
				MTL_ENABLE_DEBUG_INFO = NO;
				MTL_FAST_MATH = YES;
				SDKROOT = iphoneos;
				SWIFT_COMPILATION_MODE = wholemodule;
				SWIFT_OPTIMIZATION_LEVEL = "-O";
				VALIDATE_PRODUCT = YES;
			};
			name = Release;
		};
		378EDD1824C10BAB00A604E7 /* Debug */ = {
			isa = XCBuildConfiguration;
			buildSettings = {
				ASSETCATALOG_COMPILER_APPICON_NAME = AppIcon;
				CODE_SIGN_STYLE = Automatic;
				DEVELOPMENT_TEAM = 8PF4PD98CF;
				INFOPLIST_FILE = "Challange-Day23-UIKit/Info.plist";
				LD_RUNPATH_SEARCH_PATHS = (
					"$(inherited)",
					"@executable_path/Frameworks",
				);
				PRODUCT_BUNDLE_IDENTIFIER = "com.paradabeltran.Challange-Day23-UIKit";
				PRODUCT_NAME = "$(TARGET_NAME)";
				SWIFT_VERSION = 5.0;
				TARGETED_DEVICE_FAMILY = "1,2";
			};
			name = Debug;
		};
		378EDD1924C10BAB00A604E7 /* Release */ = {
			isa = XCBuildConfiguration;
			buildSettings = {
				ASSETCATALOG_COMPILER_APPICON_NAME = AppIcon;
				CODE_SIGN_STYLE = Automatic;
				DEVELOPMENT_TEAM = 8PF4PD98CF;
				INFOPLIST_FILE = "Challange-Day23-UIKit/Info.plist";
				LD_RUNPATH_SEARCH_PATHS = (
					"$(inherited)",
					"@executable_path/Frameworks",
				);
				PRODUCT_BUNDLE_IDENTIFIER = "com.paradabeltran.Challange-Day23-UIKit";
				PRODUCT_NAME = "$(TARGET_NAME)";
				SWIFT_VERSION = 5.0;
				TARGETED_DEVICE_FAMILY = "1,2";
			};
			name = Release;
		};
/* End XCBuildConfiguration section */

/* Begin XCConfigurationList section */
		378EDCFE24C10BAA00A604E7 /* Build configuration list for PBXProject "Challange-Day23-UIKit" */ = {
			isa = XCConfigurationList;
			buildConfigurations = (
				378EDD1524C10BAB00A604E7 /* Debug */,
				378EDD1624C10BAB00A604E7 /* Release */,
			);
			defaultConfigurationIsVisible = 0;
			defaultConfigurationName = Release;
		};
		378EDD1724C10BAB00A604E7 /* Build configuration list for PBXNativeTarget "Challange-Day23-UIKit" */ = {
			isa = XCConfigurationList;
			buildConfigurations = (
				378EDD1824C10BAB00A604E7 /* Debug */,
				378EDD1924C10BAB00A604E7 /* Release */,
			);
			defaultConfigurationIsVisible = 0;
			defaultConfigurationName = Release;
		};
/* End XCConfigurationList section */
	};
	rootObject = 378EDCFB24C10BAA00A604E7 /* Project object */;
}
